# THIS IS AN AUTOGENERATED FILE. DO NOT EDIT THIS FILE DIRECTLY.
# yarn lockfile v1


"@paystack/inline-js@^2.22.0":
  version "2.22.0"
  resolved "https://registry.yarnpkg.com/@paystack/inline-js/-/inline-js-2.22.0.tgz#04e20dde9de574d482dcfd1880ba6c7c1aaa5181"
  integrity sha512-+kbj/kVelw24Plc7WcJrlxXP6zIAoe1ga4P6WOgXCYIazjcTbks79fGuwM2yAqS5eCRjT95CLvLVEhddtZE3Fw==

typescript@^5.6.3:
  version "5.6.3"
  resolved "https://registry.yarnpkg.com/typescript/-/typescript-5.6.3.tgz#5f3449e31c9d94febb17de03cc081dd56d81db5b"
  integrity sha512-hjcS1mhfuyi4WW8IWtjP7brDrG2cuDZukyrYrSauoXGNgx0S7zceP07adYkJycEr56BOUTNPzbInooiN3fn1qw==
